{
    "_meta": {
        "hash": {
            "sha256": "a52bc5891c7ad600fd7ef31e2f114b038010e66b4bba9a3c0b686a78ac932e18"
        },
        "pipfile-spec": 6,
        "requires": {
            "python_version": "3.9"
        },
        "sources": [
            {
                "name": "pypi",
                "url": "https://pypi.org/simple",
                "verify_ssl": true
            }
        ]
    },
    "default": {
        "altgraph": {
            "hashes": [
                "sha256:1f05a47122542f97028caf78775a095fbe6a2699b5089de8477eb583167d69aa",
                "sha256:c623e5f3408ca61d4016f23a681b9adb100802ca3e3da5e718915a9e4052cebe"
            ],
            "version": "==0.17"
        },
        "certifi": {
            "hashes": [
                "sha256:2bbf76fd432960138b3ef6dda3dde0544f27cbf8546c458e60baf371917ba9ee",
                "sha256:50b1e4f8446b06f41be7dd6338db18e0990601dce795c2b1686458aa7e8fa7d8"
            ],
            "version": "==2021.5.30"
        },
        "charset-normalizer": {
            "hashes": [
                "sha256:0c8911edd15d19223366a194a513099a302055a962bca2cec0f54b8b63175d8b",
                "sha256:f23667ebe1084be45f6ae0538e4a5a865206544097e4e8bbcacf42cd02a348f3"
            ],
            "markers": "python_version >= '3'",
            "version": "==2.0.4"
        },
        "discord-webhook": {
            "hashes": [
                "sha256:17e475d8a52fe0bfa26b071925f55087600e9bb96e821b611dc463f4b4998c89",
                "sha256:f3d660df572caaa9c2621edd7e8634a70d6d8295ce9256c365838312457069a1"
            ],
            "index": "pypi",
            "version": "==0.14.0"
        },
        "idna": {
            "hashes": [
                "sha256:14475042e284991034cb48e06f6851428fb14c4dc953acd9be9a5e95c7b6dd7a",
                "sha256:467fbad99067910785144ce333826c71fb0e63a425657295239737f7ecd125f3"
            ],
            "markers": "python_version >= '3'",
            "version": "==3.2"
        },
        "macholib": {
            "hashes": [
                "sha256:0c436bc847e7b1d9bda0560351bf76d7caf930fb585a828d13608839ef42c432",
                "sha256:c500f02867515e6c60a27875b408920d18332ddf96b4035ef03beddd782d4281"
            ],
            "version": "==1.14"
        },
        "modulegraph": {
            "hashes": [
                "sha256:11c03dac1368bb9e7f780b58d251a0880c30b5a14816b6f88ec5a6fe1e3e5611",
                "sha256:60e58a96728fa741aac2800bf89cf89a59311c5bec336bd7a146a476446eb740"
            ],
            "version": "==0.18"
        },
        "py2app": {
            "hashes": [
                "sha256:73955cbf0ea69b419f5e51c2300cd97b405b7586c3859639efe30f2fb9d54aa8",
                "sha256:753915b2efaa72b23de1553e00f2cd9d3b4fdc05269ccae4b65c710e38121d67"
            ],
            "index": "pypi",
            "version": "==0.24"
        },
        "pynput": {
            "hashes": [
                "sha256:4e50b1a0ab86847e87e58f6d1993688b9a44f9f4c88d4712315ea8eb552ef828",
                "sha256:6626e8ea9ca482bb5628a7169e1193824e382c4ad3053e40f4f24f41ee7b41c9",
                "sha256:fea5777454f896bd79d35393088cd29a089f3b2da166f0848a922b1d5a807d4f"
            ],
            "index": "pypi",
            "version": "==1.7.3"
        },
        "pyobjc-core": {
            "hashes": [
                "sha256:4e93ad769a20b908778fe950f62a843a6d8f0fa71996e5f3cc9fab5ae7d17771",
                "sha256:5081aedf8bb40aac1a8ad95adac9e44e148a882686ded614adf46bb67fd67574",
                "sha256:8d5e12a0729dfd1d998a861998b422d0a3e41923d75ea229bacf31372c831d7b",
                "sha256:9f63fd37bbf3785af4ddb2f86cad5ca81c62cfc7d1c0099637ca18343c3656c1",
                "sha256:e9b1311f72f2e170742a7ee3a8149f52c35158dc024a21e88d6f1e52ba5d718b",
                "sha256:efdee8c4884405e0c0186c57f87d7bfaa0abc1f50b18e865db3caea3a1f329b9"
            ],
            "markers": "python_version >= '3.6'",
            "version": "==7.3"
        },
        "pyobjc-framework-cocoa": {
            "hashes": [
                "sha256:2e8e7a1a82cca21d9bfac9115baf065305f3da577bf240085964dfb9c9fff337",
                "sha256:35a6340437a4e0109a302150b7d1f6baf57004ccf74834f9e6062fcafe2fd8d7",
                "sha256:6c15f43077c9a2ba1853eb402ff7a9515df9e584315bc2fcb779d4c95ef46dc5",
                "sha256:7c3886f2608ab3ed02482f8b2ebf9f782b324c559e84b52cfd92dba8a1109872",
                "sha256:9edffdfa6dd1f71f21b531c3e61fdd3e4d5d3bf6c5a528c98e88828cd60bac11",
                "sha256:b18d05e7a795a3455ad191c3e43d6bfa673c2a4fd480bb1ccf57191051b80b7e"
            ],
            "markers": "python_version >= '3.6'",
            "version": "==7.3"
        },
        "pyobjc-framework-quartz": {
            "hashes": [
                "sha256:1ef18f5a16511ded65980bf4f5983ea5d35c88224dbad1b3112abd29c60413ea",
                "sha256:2c65456ed045dfe1711d0298734e5a3ad670f8c770f7eb3b19979256c388bdd2",
                "sha256:3b41eec8d4b10c7c7e011e2f9051367f5499ef315ba52dfbae573c3a2e05469c",
                "sha256:7aba3cd966a0768dd58a35680742820f0c5ac596a9cd11014e2057818e65b0af",
                "sha256:8ddbca6b466584c3dc0e5b701b1c2a9b5d97ddc1d79a949927499ebb1be1f210",
                "sha256:98812844c34262def980bdf60923a875cd43428a8375b6fd53bd2cd800eccf0b"
            ],
            "markers": "sys_platform == 'darwin'",
            "version": "==7.3"
        },
        "requests": {
            "hashes": [
                "sha256:6c1246513ecd5ecd4528a0906f910e8f0f9c6b8ec72030dc9fd154dc1a6efd24",
                "sha256:b8aa58f8cf793ffd8782d3d8cb19e66ef36f7aba4353eec859e74678b01b07a7"
            ],
            "markers": "python_version >= '2.7' and python_version not in '3.0, 3.1, 3.2, 3.3, 3.4, 3.5'",
            "version": "==2.26.0"
        },
        "six": {
            "hashes": [
                "sha256:1e61c37477a1626458e36f7b1d82aa5c9b094fa4802892072e49de9c60c4c926",
                "sha256:8abb2f1d86890a2dfb989f9a77cfcfd3e47c2a354b01111771326f8aa26e0254"
            ],
            "markers": "python_version >= '2.7' and python_version not in '3.0, 3.1, 3.2, 3.3'",
            "version": "==1.16.0"
        },
        "urllib3": {
            "hashes": [
                "sha256:39fb8672126159acb139a7718dd10806104dec1e2f0f6c88aab05d17df10c8d4",
                "sha256:f57b4c16c62fa2760b7e3d97c35b255512fb6b59a259730f36ba32ce9f8e342f"
            ],
            "markers": "python_version >= '2.7' and python_version not in '3.0, 3.1, 3.2, 3.3, 3.4' and python_version < '4'",
            "version": "==1.26.6"
        }
    },
    "develop": {}
}
